
Microsoft Visual Studio Solution File, Format Version 12.00
# Visual Studio Version 16
VisualStudioVersion = 16.0.33214.272
MinimumVisualStudioVersion = 10.0.40219.1
Project("{FAE04EC0-301F-11D3-BF4B-00C04F79EFBC}") = "CrystalReport", "CrystalReport\CrystalReport.csproj", "{BA374816-45CE-4E37-91E7-CFC6C53C601F}"
EndProject
Project("{FAE04EC0-301F-11D3-BF4B-00C04F79EFBC}") = "RepBackEnd", "RepBackEnd\RepBackEnd.csproj", "{6D340E15-44C5-454C-B268-C6784577E1FF}"
EndProject
Global
	GlobalSection(SolutionConfigurationPlatforms) = preSolution
		Debug|Any CPU = Debug|Any CPU
		Release|Any CPU = Release|Any CPU
	EndGlobalSection
	GlobalSection(ProjectConfigurationPlatforms) = postSolution
		{BA374816-45CE-4E37-91E7-CFC6C53C601F}.Debug|Any CPU.ActiveCfg = Debug|Any CPU
		{BA374816-45CE-4E37-91E7-CFC6C53C601F}.Debug|Any CPU.Build.0 = Debug|Any CPU
		{BA374816-45CE-4E37-91E7-CFC6C53C601F}.Release|Any CPU.ActiveCfg = Release|Any CPU
		{BA374816-45CE-4E37-91E7-CFC6C53C601F}.Release|Any CPU.Build.0 = Release|Any CPU
		{6D340E15-44C5-454C-B268-C6784577E1FF}.Debug|Any CPU.ActiveCfg = Debug|Any CPU
		{6D340E15-44C5-454C-B268-C6784577E1FF}.Debug|Any CPU.Build.0 = Debug|Any CPU
		{6D340E15-44C5-454C-B268-C6784577E1FF}.Release|Any CPU.ActiveCfg = Release|Any CPU
		{6D340E15-44C5-454C-B268-C6784577E1FF}.Release|Any CPU.Build.0 = Release|Any CPU
	EndGlobalSection
	GlobalSection(SolutionProperties) = preSolution
		HideSolutionNode = FALSE
	EndGlobalSection
	GlobalSection(ExtensibilityGlobals) = postSolution
		SolutionGuid = {3120038C-F640-41A4-8272-AAF5635849F1}
	EndGlobalSection
EndGlobal
